{
  "name": "pi-tree-sitter",
  "version": "0.1.1",
  "lockfileVersion": 3,
  "requires": true,
  "packages": {
    "": {
      "name": "pi-tree-sitter",
      "version": "0.1.1",
      "license": "EPL-2.0",
      "dependencies": {
        "web-tree-sitter": "^0.26.10"
      },
      "peerDependencies": {
        "@earendil-works/pi-coding-agent": "*"
      }
    },
    "node_modules/web-tree-sitter": {
      "version": "0.26.10",
      "resolved": "https://registry.npmjs.org/web-tree-sitter/-/web-tree-sitter-0.26.10.tgz",
      "integrity": "sha512-vengBGYS7FpAerkR3o04oBL4L8MkVmjawK50AFBu7v0HZBkmF9ZavPGKoXLSSmRhp7T/YgsJ7joAS3yAxHPEqQ==",
      "license": "MIT"
    }
  }
}
